
Microsoft Visual Studio Solution File, Format Version 12.00
# Visual Studio Version 17
VisualStudioVersion = 17.0.31808.319
MinimumVisualStudioVersion = 10.0.40219.1
Project("{F2A71F9B-5D33-465A-A702-920D77279786}") = "Temper", "Temper\Temper.fsproj", "{A931F81E-DC31-45D2-84B4-8460C2677542}"
EndProject
Project("{F2A71F9B-5D33-465A-A702-920D77279786}") = "Temper.Tests", "Temper.Tests\Temper.Tests.fsproj", "{0A7BAA72-FBF4-4D8A-8D64-155A40293284}"
EndProject
Global
	GlobalSection(SolutionConfigurationPlatforms) = preSolution
		Debug|Any CPU = Debug|Any CPU
		Release|Any CPU = Release|Any CPU
	EndGlobalSection
	GlobalSection(ProjectConfigurationPlatforms) = postSolution
		{A931F81E-DC31-45D2-84B4-8460C2677542}.Debug|Any CPU.ActiveCfg = Debug|Any CPU
		{A931F81E-DC31-45D2-84B4-8460C2677542}.Debug|Any CPU.Build.0 = Debug|Any CPU
		{A931F81E-DC31-45D2-84B4-8460C2677542}.Release|Any CPU.ActiveCfg = Release|Any CPU
		{A931F81E-DC31-45D2-84B4-8460C2677542}.Release|Any CPU.Build.0 = Release|Any CPU
		{0A7BAA72-FBF4-4D8A-8D64-155A40293284}.Debug|Any CPU.ActiveCfg = Debug|Any CPU
		{0A7BAA72-FBF4-4D8A-8D64-155A40293284}.Debug|Any CPU.Build.0 = Debug|Any CPU
		{0A7BAA72-FBF4-4D8A-8D64-155A40293284}.Release|Any CPU.ActiveCfg = Release|Any CPU
		{0A7BAA72-FBF4-4D8A-8D64-155A40293284}.Release|Any CPU.Build.0 = Release|Any CPU
	EndGlobalSection
	GlobalSection(SolutionProperties) = preSolution
		HideSolutionNode = FALSE
	EndGlobalSection
	GlobalSection(ExtensibilityGlobals) = postSolution
		SolutionGuid = {7E6F252B-D6FE-4890-B892-6F71335858ED}
	EndGlobalSection
EndGlobal
